// !$*UTF8*$!
{
	archiveVersion = 1;
	classes = {
	};
	objectVersion = 56;
	objects = {

/* Begin PBXBuildFile section */
		052C81052BE171AF0026DE55 /* WidgetKit.framework in Frameworks */ = {isa = PBXBuildFile; fileRef = 052C81042BE171AF0026DE55 /* WidgetKit.framework */; };
		052C81072BE171AF0026DE55 /* SwiftUI.framework in Frameworks */ = {isa = PBXBuildFile; fileRef = 052C81062BE171AF0026DE55 /* SwiftUI.framework */; };
		052C810A2BE171AF0026DE55 /* Al_noor_widgetBundle.swift in Sources */ = {isa = PBXBuildFile; fileRef = 052C81092BE171AF0026DE55 /* Al_noor_widgetBundle.swift */; };
		052C810C2BE171AF0026DE55 /* Al_noor_widget.swift in Sources */ = {isa = PBXBuildFile; fileRef = 052C810B2BE171AF0026DE55 /* Al_noor_widget.swift */; };
		052C810E2BE171AF0026DE55 /* AppIntent.swift in Sources */ = {isa = PBXBuildFile; fileRef = 052C810D2BE171AF0026DE55 /* AppIntent.swift */; };
		052C81102BE171B10026DE55 /* Assets.xcassets in Resources */ = {isa = PBXBuildFile; fileRef = 052C810F2BE171B10026DE55 /* Assets.xcassets */; };
		052C81142BE171B10026DE55 /* Al-noor-widgetExtension.appex in Embed Foundation Extensions */ = {isa = PBXBuildFile; fileRef = 052C81032BE171AF0026DE55 /* Al-noor-widgetExtension.appex */; settings = {ATTRIBUTES = (RemoveHeadersOnCopy, ); }; };
		052C811B2BE18B000026DE55 /* Color+Ext.swift in Sources */ = {isa = PBXBuildFile; fileRef = 052C811A2BE18B000026DE55 /* Color+Ext.swift */; };
		05E7AD6E2BD851E8000D85D7 /* Al_noor_swiftApp.swift in Sources */ = {isa = PBXBuildFile; fileRef = 05E7AD6D2BD851E8000D85D7 /* Al_noor_swiftApp.swift */; };
		05E7AD702BD851E8000D85D7 /* ContentView.swift in Sources */ = {isa = PBXBuildFile; fileRef = 05E7AD6F2BD851E8000D85D7 /* ContentView.swift */; };
		05E7AD722BD851EA000D85D7 /* Assets.xcassets in Resources */ = {isa = PBXBuildFile; fileRef = 05E7AD712BD851EA000D85D7 /* Assets.xcassets */; };
		05E7AD762BD851EA000D85D7 /* Preview Assets.xcassets in Resources */ = {isa = PBXBuildFile; fileRef = 05E7AD752BD851EA000D85D7 /* Preview Assets.xcassets */; };
		05E7AD802BD851EA000D85D7 /* Al_noor_swiftTests.swift in Sources */ = {isa = PBXBuildFile; fileRef = 05E7AD7F2BD851EA000D85D7 /* Al_noor_swiftTests.swift */; };
		05E7AD8A2BD851EA000D85D7 /* Al_noor_swiftUITests.swift in Sources */ = {isa = PBXBuildFile; fileRef = 05E7AD892BD851EA000D85D7 /* Al_noor_swiftUITests.swift */; };
		05E7AD8C2BD851EA000D85D7 /* Al_noor_swiftUITestsLaunchTests.swift in Sources */ = {isa = PBXBuildFile; fileRef = 05E7AD8B2BD851EA000D85D7 /* Al_noor_swiftUITestsLaunchTests.swift */; };
		05E7AD9B2BD8539B000D85D7 /* IntroScreen.swift in Sources */ = {isa = PBXBuildFile; fileRef = 05E7AD9A2BD8539B000D85D7 /* IntroScreen.swift */; };
		05E7AD9E2BD85525000D85D7 /* Points.swift in Sources */ = {isa = PBXBuildFile; fileRef = 05E7AD9D2BD85525000D85D7 /* Points.swift */; };
		05E7ADA02BD85572000D85D7 /* Tab.swift in Sources */ = {isa = PBXBuildFile; fileRef = 05E7AD9F2BD85572000D85D7 /* Tab.swift */; };
		05E7ADA22BD855B0000D85D7 /* Home.swift in Sources */ = {isa = PBXBuildFile; fileRef = 05E7ADA12BD855B0000D85D7 /* Home.swift */; };
		05E7ADA62BD8566A000D85D7 /* Adhan in Frameworks */ = {isa = PBXBuildFile; productRef = 05E7ADA52BD8566A000D85D7 /* Adhan */; };
		05E7ADA82BD858B2000D85D7 /* Qibla.swift in Sources */ = {isa = PBXBuildFile; fileRef = 05E7ADA72BD858B2000D85D7 /* Qibla.swift */; };
		05E7ADAB2BD85941000D85D7 /* CompassMarkerView.swift in Sources */ = {isa = PBXBuildFile; fileRef = 05E7ADAA2BD85941000D85D7 /* CompassMarkerView.swift */; };
		05E7ADAD2BD8599A000D85D7 /* Marker.swift in Sources */ = {isa = PBXBuildFile; fileRef = 05E7ADAC2BD8599A000D85D7 /* Marker.swift */; };
		05E7ADB12BD85B5C000D85D7 /* QuranView.swift in Sources */ = {isa = PBXBuildFile; fileRef = 05E7ADB02BD85B5C000D85D7 /* QuranView.swift */; };
		05E7ADB42BD85B96000D85D7 /* ApiServices.swift in Sources */ = {isa = PBXBuildFile; fileRef = 05E7ADB32BD85B96000D85D7 /* ApiServices.swift */; };
		05E7ADB62BD85BAF000D85D7 /* SurahModel.swift in Sources */ = {isa = PBXBuildFile; fileRef = 05E7ADB52BD85BAF000D85D7 /* SurahModel.swift */; };
		05E7ADB82BD85BDE000D85D7 /* DetailSurahModel.swift in Sources */ = {isa = PBXBuildFile; fileRef = 05E7ADB72BD85BDE000D85D7 /* DetailSurahModel.swift */; };
		05E7ADBA2BD85BFD000D85D7 /* SurahDetailServices.swift in Sources */ = {isa = PBXBuildFile; fileRef = 05E7ADB92BD85BFD000D85D7 /* SurahDetailServices.swift */; };
		05E7ADBC2BDB0587000D85D7 /* Prayer.swift in Sources */ = {isa = PBXBuildFile; fileRef = 05E7ADBB2BDB0587000D85D7 /* Prayer.swift */; };
		05E7ADBE2BDB05F2000D85D7 /* Album.swift in Sources */ = {isa = PBXBuildFile; fileRef = 05E7ADBD2BDB05F2000D85D7 /* Album.swift */; };
		05E7ADC02BDB0AE0000D85D7 /* CustomCorner.swift in Sources */ = {isa = PBXBuildFile; fileRef = 05E7ADBF2BDB0AE0000D85D7 /* CustomCorner.swift */; };
		05E7ADC32BDEE440000D85D7 /* Settings.swift in Sources */ = {isa = PBXBuildFile; fileRef = 05E7ADC22BDEE440000D85D7 /* Settings.swift */; };
		05E7ADC52BDEF49A000D85D7 /* CalculationMethod.swift in Sources */ = {isa = PBXBuildFile; fileRef = 05E7ADC42BDEF49A000D85D7 /* CalculationMethod.swift */; };
		05E7ADC82BDF8870000D85D7 /* Formatter.swift in Sources */ = {isa = PBXBuildFile; fileRef = 05E7ADC72BDF8870000D85D7 /* Formatter.swift */; };
		05E7ADCA2BE0320D000D85D7 /* ThemeSwitcherView.swift in Sources */ = {isa = PBXBuildFile; fileRef = 05E7ADC92BE0320D000D85D7 /* ThemeSwitcherView.swift */; };
/* End PBXBuildFile section */

/* Begin PBXContainerItemProxy section */
		052C81122BE171B10026DE55 /* PBXContainerItemProxy */ = {
			isa = PBXContainerItemProxy;
			containerPortal = 05E7AD622BD851E8000D85D7 /* Project object */;
			proxyType = 1;
			remoteGlobalIDString = 052C81022BE171AF0026DE55;
			remoteInfo = "Al-noor-widgetExtension";
		};
		05E7AD7C2BD851EA000D85D7 /* PBXContainerItemProxy */ = {
			isa = PBXContainerItemProxy;
			containerPortal = 05E7AD622BD851E8000D85D7 /* Project object */;
			proxyType = 1;
			remoteGlobalIDString = 05E7AD692BD851E8000D85D7;
			remoteInfo = "Al-noor-swift";
		};
		05E7AD862BD851EA000D85D7 /* PBXContainerItemProxy */ = {
			isa = PBXContainerItemProxy;
			containerPortal = 05E7AD622BD851E8000D85D7 /* Project object */;
			proxyType = 1;
			remoteGlobalIDString = 05E7AD692BD851E8000D85D7;
			remoteInfo = "Al-noor-swift";
		};
/* End PBXContainerItemProxy section */

/* Begin PBXCopyFilesBuildPhase section */
		052C81152BE171B10026DE55 /* Embed Foundation Extensions */ = {
			isa = PBXCopyFilesBuildPhase;
			buildActionMask = 2147483647;
			dstPath = "";
			dstSubfolderSpec = 13;
			files = (
				052C81142BE171B10026DE55 /* Al-noor-widgetExtension.appex in Embed Foundation Extensions */,
			);
			name = "Embed Foundation Extensions";
			runOnlyForDeploymentPostprocessing = 0;
		};
/* End PBXCopyFilesBuildPhase section */

/* Begin PBXFileReference section */
		052C81032BE171AF0026DE55 /* Al-noor-widgetExtension.appex */ = {isa = PBXFileReference; explicitFileType = "wrapper.app-extension"; includeInIndex = 0; path = "Al-noor-widgetExtension.appex"; sourceTree = BUILT_PRODUCTS_DIR; };
		052C81042BE171AF0026DE55 /* WidgetKit.framework */ = {isa = PBXFileReference; lastKnownFileType = wrapper.framework; name = WidgetKit.framework; path = System/Library/Frameworks/WidgetKit.framework; sourceTree = SDKROOT; };
		052C81062BE171AF0026DE55 /* SwiftUI.framework */ = {isa = PBXFileReference; lastKnownFileType = wrapper.framework; name = SwiftUI.framework; path = System/Library/Frameworks/SwiftUI.framework; sourceTree = SDKROOT; };
		052C81092BE171AF0026DE55 /* Al_noor_widgetBundle.swift */ = {isa = PBXFileReference; lastKnownFileType = sourcecode.swift; path = Al_noor_widgetBundle.swift; sourceTree = "<group>"; };
		052C810B2BE171AF0026DE55 /* Al_noor_widget.swift */ = {isa = PBXFileReference; lastKnownFileType = sourcecode.swift; path = Al_noor_widget.swift; sourceTree = "<group>"; };
		052C810D2BE171AF0026DE55 /* AppIntent.swift */ = {isa = PBXFileReference; lastKnownFileType = sourcecode.swift; path = AppIntent.swift; sourceTree = "<group>"; };
		052C810F2BE171B10026DE55 /* Assets.xcassets */ = {isa = PBXFileReference; lastKnownFileType = folder.assetcatalog; path = Assets.xcassets; sourceTree = "<group>"; };
		052C81112BE171B10026DE55 /* Info.plist */ = {isa = PBXFileReference; lastKnownFileType = text.plist.xml; path = Info.plist; sourceTree = "<group>"; };
		052C81192BE175AD0026DE55 /* Al-noor-widgetExtension.entitlements */ = {isa = PBXFileReference; lastKnownFileType = text.plist.entitlements; path = "Al-noor-widgetExtension.entitlements"; sourceTree = "<group>"; };
		052C811A2BE18B000026DE55 /* Color+Ext.swift */ = {isa = PBXFileReference; lastKnownFileType = sourcecode.swift; path = "Color+Ext.swift"; sourceTree = "<group>"; };
		05E7AD6A2BD851E8000D85D7 /* Al-noor-swift.app */ = {isa = PBXFileReference; explicitFileType = wrapper.application; includeInIndex = 0; path = "Al-noor-swift.app"; sourceTree = BUILT_PRODUCTS_DIR; };
		05E7AD6D2BD851E8000D85D7 /* Al_noor_swiftApp.swift */ = {isa = PBXFileReference; lastKnownFileType = sourcecode.swift; path = Al_noor_swiftApp.swift; sourceTree = "<group>"; };
		05E7AD6F2BD851E8000D85D7 /* ContentView.swift */ = {isa = PBXFileReference; lastKnownFileType = sourcecode.swift; path = ContentView.swift; sourceTree = "<group>"; };
		05E7AD712BD851EA000D85D7 /* Assets.xcassets */ = {isa = PBXFileReference; lastKnownFileType = folder.assetcatalog; path = Assets.xcassets; sourceTree = "<group>"; };
		05E7AD732BD851EA000D85D7 /* Al_noor_swift.entitlements */ = {isa = PBXFileReference; lastKnownFileType = text.plist.entitlements; path = Al_noor_swift.entitlements; sourceTree = "<group>"; };
		05E7AD752BD851EA000D85D7 /* Preview Assets.xcassets */ = {isa = PBXFileReference; lastKnownFileType = folder.assetcatalog; path = "Preview Assets.xcassets"; sourceTree = "<group>"; };
		05E7AD7B2BD851EA000D85D7 /* Al-noor-swiftTests.xctest */ = {isa = PBXFileReference; explicitFileType = wrapper.cfbundle; includeInIndex = 0; path = "Al-noor-swiftTests.xctest"; sourceTree = BUILT_PRODUCTS_DIR; };
		05E7AD7F2BD851EA000D85D7 /* Al_noor_swiftTests.swift */ = {isa = PBXFileReference; lastKnownFileType = sourcecode.swift; path = Al_noor_swiftTests.swift; sourceTree = "<group>"; };
		05E7AD852BD851EA000D85D7 /* Al-noor-swiftUITests.xctest */ = {isa = PBXFileReference; explicitFileType = wrapper.cfbundle; includeInIndex = 0; path = "Al-noor-swiftUITests.xctest"; sourceTree = BUILT_PRODUCTS_DIR; };
		05E7AD892BD851EA000D85D7 /* Al_noor_swiftUITests.swift */ = {isa = PBXFileReference; lastKnownFileType = sourcecode.swift; path = Al_noor_swiftUITests.swift; sourceTree = "<group>"; };
		05E7AD8B2BD851EA000D85D7 /* Al_noor_swiftUITestsLaunchTests.swift */ = {isa = PBXFileReference; lastKnownFileType = sourcecode.swift; path = Al_noor_swiftUITestsLaunchTests.swift; sourceTree = "<group>"; };
		05E7AD9A2BD8539B000D85D7 /* IntroScreen.swift */ = {isa = PBXFileReference; lastKnownFileType = sourcecode.swift; path = IntroScreen.swift; sourceTree = "<group>"; };
		05E7AD9D2BD85525000D85D7 /* Points.swift */ = {isa = PBXFileReference; lastKnownFileType = sourcecode.swift; path = Points.swift; sourceTree = "<group>"; };
		05E7AD9F2BD85572000D85D7 /* Tab.swift */ = {isa = PBXFileReference; lastKnownFileType = sourcecode.swift; path = Tab.swift; sourceTree = "<group>"; };
		05E7ADA12BD855B0000D85D7 /* Home.swift */ = {isa = PBXFileReference; lastKnownFileType = sourcecode.swift; path = Home.swift; sourceTree = "<group>"; };
		05E7ADA72BD858B2000D85D7 /* Qibla.swift */ = {isa = PBXFileReference; lastKnownFileType = sourcecode.swift; path = Qibla.swift; sourceTree = "<group>"; };
		05E7ADAA2BD85941000D85D7 /* CompassMarkerView.swift */ = {isa = PBXFileReference; lastKnownFileType = sourcecode.swift; path = CompassMarkerView.swift; sourceTree = "<group>"; };
		05E7ADAC2BD8599A000D85D7 /* Marker.swift */ = {isa = PBXFileReference; lastKnownFileType = sourcecode.swift; path = Marker.swift; sourceTree = "<group>"; };
		05E7ADB02BD85B5C000D85D7 /* QuranView.swift */ = {isa = PBXFileReference; lastKnownFileType = sourcecode.swift; path = QuranView.swift; sourceTree = "<group>"; };
		05E7ADB32BD85B96000D85D7 /* ApiServices.swift */ = {isa = PBXFileReference; lastKnownFileType = sourcecode.swift; path = ApiServices.swift; sourceTree = "<group>"; };
		05E7ADB52BD85BAF000D85D7 /* SurahModel.swift */ = {isa = PBXFileReference; lastKnownFileType = sourcecode.swift; path = SurahModel.swift; sourceTree = "<group>"; };
		05E7ADB72BD85BDE000D85D7 /* DetailSurahModel.swift */ = {isa = PBXFileReference; lastKnownFileType = sourcecode.swift; path = DetailSurahModel.swift; sourceTree = "<group>"; };
		05E7ADB92BD85BFD000D85D7 /* SurahDetailServices.swift */ = {isa = PBXFileReference; lastKnownFileType = sourcecode.swift; path = SurahDetailServices.swift; sourceTree = "<group>"; };
		05E7ADBB2BDB0587000D85D7 /* Prayer.swift */ = {isa = PBXFileReference; lastKnownFileType = sourcecode.swift; path = Prayer.swift; sourceTree = "<group>"; };
		05E7ADBD2BDB05F2000D85D7 /* Album.swift */ = {isa = PBXFileReference; lastKnownFileType = sourcecode.swift; path = Album.swift; sourceTree = "<group>"; };
		05E7ADBF2BDB0AE0000D85D7 /* CustomCorner.swift */ = {isa = PBXFileReference; lastKnownFileType = sourcecode.swift; path = CustomCorner.swift; sourceTree = "<group>"; };
		05E7ADC12BDC5DAD000D85D7 /* Info.plist */ = {isa = PBXFileReference; lastKnownFileType = text.plist; path = Info.plist; sourceTree = "<group>"; };
		05E7ADC22BDEE440000D85D7 /* Settings.swift */ = {isa = PBXFileReference; lastKnownFileType = sourcecode.swift; path = Settings.swift; sourceTree = "<group>"; };
		05E7ADC42BDEF49A000D85D7 /* CalculationMethod.swift */ = {isa = PBXFileReference; lastKnownFileType = sourcecode.swift; path = CalculationMethod.swift; sourceTree = "<group>"; };
		05E7ADC72BDF8870000D85D7 /* Formatter.swift */ = {isa = PBXFileReference; lastKnownFileType = sourcecode.swift; path = Formatter.swift; sourceTree = "<group>"; };
		05E7ADC92BE0320D000D85D7 /* ThemeSwitcherView.swift */ = {isa = PBXFileReference; lastKnownFileType = sourcecode.swift; path = ThemeSwitcherView.swift; sourceTree = "<group>"; };
/* End PBXFileReference section */

/* Begin PBXFrameworksBuildPhase section */
		052C81002BE171AF0026DE55 /* Frameworks */ = {
			isa = PBXFrameworksBuildPhase;
			buildActionMask = 2147483647;
			files = (
				052C81072BE171AF0026DE55 /* SwiftUI.framework in Frameworks */,
				052C81052BE171AF0026DE55 /* WidgetKit.framework in Frameworks */,
			);
			runOnlyForDeploymentPostprocessing = 0;
		};
		05E7AD672BD851E8000D85D7 /* Frameworks */ = {
			isa = PBXFrameworksBuildPhase;
			buildActionMask = 2147483647;
			files = (
				05E7ADA62BD8566A000D85D7 /* Adhan in Frameworks */,
			);
			runOnlyForDeploymentPostprocessing = 0;
		};
		05E7AD782BD851EA000D85D7 /* Frameworks */ = {
			isa = PBXFrameworksBuildPhase;
			buildActionMask = 2147483647;
			files = (
			);
			runOnlyForDeploymentPostprocessing = 0;
		};
		05E7AD822BD851EA000D85D7 /* Frameworks */ = {
			isa = PBXFrameworksBuildPhase;
			buildActionMask = 2147483647;
			files = (
			);
			runOnlyForDeploymentPostprocessing = 0;
		};
/* End PBXFrameworksBuildPhase section */

/* Begin PBXGroup section */
		052C81082BE171AF0026DE55 /* Al-noor-widget */ = {
			isa = PBXGroup;
			children = (
				052C81092BE171AF0026DE55 /* Al_noor_widgetBundle.swift */,
				052C810B2BE171AF0026DE55 /* Al_noor_widget.swift */,
				052C810D2BE171AF0026DE55 /* AppIntent.swift */,
				052C810F2BE171B10026DE55 /* Assets.xcassets */,
				052C81112BE171B10026DE55 /* Info.plist */,
				052C811A2BE18B000026DE55 /* Color+Ext.swift */,
			);
			path = "Al-noor-widget";
			sourceTree = "<group>";
		};
		05E7AD612BD851E8000D85D7 = {
			isa = PBXGroup;
			children = (
				052C81192BE175AD0026DE55 /* Al-noor-widgetExtension.entitlements */,
				05E7AD6C2BD851E8000D85D7 /* Al-noor-swift */,
				05E7AD7E2BD851EA000D85D7 /* Al-noor-swiftTests */,
				05E7AD882BD851EA000D85D7 /* Al-noor-swiftUITests */,
				052C81082BE171AF0026DE55 /* Al-noor-widget */,
				05E7AD6B2BD851E8000D85D7 /* Products */,
				05E7ADA42BD8566A000D85D7 /* Frameworks */,
			);
			sourceTree = "<group>";
		};
		05E7AD6B2BD851E8000D85D7 /* Products */ = {
			isa = PBXGroup;
			children = (
				05E7AD6A2BD851E8000D85D7 /* Al-noor-swift.app */,
				05E7AD7B2BD851EA000D85D7 /* Al-noor-swiftTests.xctest */,
				05E7AD852BD851EA000D85D7 /* Al-noor-swiftUITests.xctest */,
				052C81032BE171AF0026DE55 /* Al-noor-widgetExtension.appex */,
			);
			name = Products;
			sourceTree = "<group>";
		};
		05E7AD6C2BD851E8000D85D7 /* Al-noor-swift */ = {
			isa = PBXGroup;
			children = (
				05E7ADC62BDF884E000D85D7 /* Helpers */,
				05E7ADC12BDC5DAD000D85D7 /* Info.plist */,
				05E7ADB22BD85B7E000D85D7 /* WebServices */,
				05E7AD9C2BD85510000D85D7 /* Models */,
				05E7AD982BD85223000D85D7 /* Views */,
				05E7AD6D2BD851E8000D85D7 /* Al_noor_swiftApp.swift */,
				05E7AD6F2BD851E8000D85D7 /* ContentView.swift */,
				05E7AD9A2BD8539B000D85D7 /* IntroScreen.swift */,
				05E7AD712BD851EA000D85D7 /* Assets.xcassets */,
				05E7AD732BD851EA000D85D7 /* Al_noor_swift.entitlements */,
				05E7AD742BD851EA000D85D7 /* Preview Content */,
			);
			path = "Al-noor-swift";
			sourceTree = "<group>";
		};
		05E7AD742BD851EA000D85D7 /* Preview Content */ = {
			isa = PBXGroup;
			children = (
				05E7AD752BD851EA000D85D7 /* Preview Assets.xcassets */,
			);
			path = "Preview Content";
			sourceTree = "<group>";
		};
		05E7AD7E2BD851EA000D85D7 /* Al-noor-swiftTests */ = {
			isa = PBXGroup;
			children = (
				05E7AD7F2BD851EA000D85D7 /* Al_noor_swiftTests.swift */,
			);
			path = "Al-noor-swiftTests";
			sourceTree = "<group>";
		};
		05E7AD882BD851EA000D85D7 /* Al-noor-swiftUITests */ = {
			isa = PBXGroup;
			children = (
				05E7AD892BD851EA000D85D7 /* Al_noor_swiftUITests.swift */,
				05E7AD8B2BD851EA000D85D7 /* Al_noor_swiftUITestsLaunchTests.swift */,
			);
			path = "Al-noor-swiftUITests";
			sourceTree = "<group>";
		};
		05E7AD982BD85223000D85D7 /* Views */ = {
			isa = PBXGroup;
			children = (
				05E7ADA92BD85929000D85D7 /* CompassViews */,
				05E7AD992BD85235000D85D7 /* TabViews */,
				05E7ADBF2BDB0AE0000D85D7 /* CustomCorner.swift */,
			);
			path = Views;
			sourceTree = "<group>";
		};
		05E7AD992BD85235000D85D7 /* TabViews */ = {
			isa = PBXGroup;
			children = (
				05E7ADA12BD855B0000D85D7 /* Home.swift */,
				05E7ADA72BD858B2000D85D7 /* Qibla.swift */,
				05E7ADB02BD85B5C000D85D7 /* QuranView.swift */,
				05E7ADBB2BDB0587000D85D7 /* Prayer.swift */,
				05E7ADC22BDEE440000D85D7 /* Settings.swift */,
			);
			path = TabViews;
			sourceTree = "<group>";
		};
		05E7AD9C2BD85510000D85D7 /* Models */ = {
			isa = PBXGroup;
			children = (
				05E7AD9D2BD85525000D85D7 /* Points.swift */,
				05E7AD9F2BD85572000D85D7 /* Tab.swift */,
				05E7ADB52BD85BAF000D85D7 /* SurahModel.swift */,
				05E7ADB72BD85BDE000D85D7 /* DetailSurahModel.swift */,
				05E7ADBD2BDB05F2000D85D7 /* Album.swift */,
				05E7ADC42BDEF49A000D85D7 /* CalculationMethod.swift */,
			);
			path = Models;
			sourceTree = "<group>";
		};
		05E7ADA42BD8566A000D85D7 /* Frameworks */ = {
			isa = PBXGroup;
			children = (
				052C81042BE171AF0026DE55 /* WidgetKit.framework */,
				052C81062BE171AF0026DE55 /* SwiftUI.framework */,
			);
			name = Frameworks;
			sourceTree = "<group>";
		};
		05E7ADA92BD85929000D85D7 /* CompassViews */ = {
			isa = PBXGroup;
			children = (
				05E7ADAA2BD85941000D85D7 /* CompassMarkerView.swift */,
				05E7ADAC2BD8599A000D85D7 /* Marker.swift */,
			);
			path = CompassViews;
			sourceTree = "<group>";
		};
		05E7ADB22BD85B7E000D85D7 /* WebServices */ = {
			isa = PBXGroup;
			children = (
				05E7ADB32BD85B96000D85D7 /* ApiServices.swift */,
				05E7ADB92BD85BFD000D85D7 /* SurahDetailServices.swift */,
			);
			path = WebServices;
			sourceTree = "<group>";
		};
		05E7ADC62BDF884E000D85D7 /* Helpers */ = {
			isa = PBXGroup;
			children = (
				05E7ADC72BDF8870000D85D7 /* Formatter.swift */,
				05E7ADC92BE0320D000D85D7 /* ThemeSwitcherView.swift */,
			);
			path = Helpers;
			sourceTree = "<group>";
		};
/* End PBXGroup section */

/* Begin PBXNativeTarget section */
		052C81022BE171AF0026DE55 /* Al-noor-widgetExtension */ = {
			isa = PBXNativeTarget;
			buildConfigurationList = 052C81182BE171B10026DE55 /* Build configuration list for PBXNativeTarget "Al-noor-widgetExtension" */;
			buildPhases = (
				052C80FF2BE171AF0026DE55 /* Sources */,
				052C81002BE171AF0026DE55 /* Frameworks */,
				052C81012BE171AF0026DE55 /* Resources */,
			);
			buildRules = (
			);
			dependencies = (
			);
			name = "Al-noor-widgetExtension";
			productName = "Al-noor-widgetExtension";
			productReference = 052C81032BE171AF0026DE55 /* Al-noor-widgetExtension.appex */;
			productType = "com.apple.product-type.app-extension";
		};
		05E7AD692BD851E8000D85D7 /* Al-noor-swift */ = {
			isa = PBXNativeTarget;
			buildConfigurationList = 05E7AD8F2BD851EA000D85D7 /* Build configuration list for PBXNativeTarget "Al-noor-swift" */;
			buildPhases = (
				05E7AD662BD851E8000D85D7 /* Sources */,
				05E7AD672BD851E8000D85D7 /* Frameworks */,
				05E7AD682BD851E8000D85D7 /* Resources */,
				052C81152BE171B10026DE55 /* Embed Foundation Extensions */,
			);
			buildRules = (
			);
			dependencies = (
				052C81132BE171B10026DE55 /* PBXTargetDependency */,
			);
			name = "Al-noor-swift";
			packageProductDependencies = (
				05E7ADA52BD8566A000D85D7 /* Adhan */,
			);
			productName = "Al-noor-swift";
			productReference = 05E7AD6A2BD851E8000D85D7 /* Al-noor-swift.app */;
			productType = "com.apple.product-type.application";
		};
		05E7AD7A2BD851EA000D85D7 /* Al-noor-swiftTests */ = {
			isa = PBXNativeTarget;
			buildConfigurationList = 05E7AD922BD851EA000D85D7 /* Build configuration list for PBXNativeTarget "Al-noor-swiftTests" */;
			buildPhases = (
				05E7AD772BD851EA000D85D7 /* Sources */,
				05E7AD782BD851EA000D85D7 /* Frameworks */,
				05E7AD792BD851EA000D85D7 /* Resources */,
			);
			buildRules = (
			);
			dependencies = (
				05E7AD7D2BD851EA000D85D7 /* PBXTargetDependency */,
			);
			name = "Al-noor-swiftTests";
			productName = "Al-noor-swiftTests";
			productReference = 05E7AD7B2BD851EA000D85D7 /* Al-noor-swiftTests.xctest */;
			productType = "com.apple.product-type.bundle.unit-test";
		};
		05E7AD842BD851EA000D85D7 /* Al-noor-swiftUITests */ = {
			isa = PBXNativeTarget;
			buildConfigurationList = 05E7AD952BD851EA000D85D7 /* Build configuration list for PBXNativeTarget "Al-noor-swiftUITests" */;
			buildPhases = (
				05E7AD812BD851EA000D85D7 /* Sources */,
				05E7AD822BD851EA000D85D7 /* Frameworks */,
				05E7AD832BD851EA000D85D7 /* Resources */,
			);
			buildRules = (
			);
			dependencies = (
				05E7AD872BD851EA000D85D7 /* PBXTargetDependency */,
			);
			name = "Al-noor-swiftUITests";
			productName = "Al-noor-swiftUITests";
			productReference = 05E7AD852BD851EA000D85D7 /* Al-noor-swiftUITests.xctest */;
			productType = "com.apple.product-type.bundle.ui-testing";
		};
/* End PBXNativeTarget section */

/* Begin PBXProject section */
		05E7AD622BD851E8000D85D7 /* Project object */ = {
			isa = PBXProject;
			attributes = {
				BuildIndependentTargetsInParallel = 1;
				LastSwiftUpdateCheck = 1530;
				LastUpgradeCheck = 1530;
				TargetAttributes = {
					052C81022BE171AF0026DE55 = {
						CreatedOnToolsVersion = 15.3;
					};
					05E7AD692BD851E8000D85D7 = {
						CreatedOnToolsVersion = 15.3;
					};
					05E7AD7A2BD851EA000D85D7 = {
						CreatedOnToolsVersion = 15.3;
						TestTargetID = 05E7AD692BD851E8000D85D7;
					};
					05E7AD842BD851EA000D85D7 = {
						CreatedOnToolsVersion = 15.3;
						TestTargetID = 05E7AD692BD851E8000D85D7;
					};
				};
			};
			buildConfigurationList = 05E7AD652BD851E8000D85D7 /* Build configuration list for PBXProject "Al-noor-swift" */;
			compatibilityVersion = "Xcode 14.0";
			developmentRegion = en;
			hasScannedForEncodings = 0;
			knownRegions = (
				en,
				Base,
			);
			mainGroup = 05E7AD612BD851E8000D85D7;
			packageReferences = (
				05E7ADA32BD85658000D85D7 /* XCRemoteSwiftPackageReference "adhan-swift" */,
			);
			productRefGroup = 05E7AD6B2BD851E8000D85D7 /* Products */;
			projectDirPath = "";
			projectRoot = "";
			targets = (
				05E7AD692BD851E8000D85D7 /* Al-noor-swift */,
				05E7AD7A2BD851EA000D85D7 /* Al-noor-swiftTests */,
				05E7AD842BD851EA000D85D7 /* Al-noor-swiftUITests */,
				052C81022BE171AF0026DE55 /* Al-noor-widgetExtension */,
			);
		};
/* End PBXProject section */

/* Begin PBXResourcesBuildPhase section */
		052C81012BE171AF0026DE55 /* Resources */ = {
			isa = PBXResourcesBuildPhase;
			buildActionMask = 2147483647;
			files = (
				052C81102BE171B10026DE55 /* Assets.xcassets in Resources */,
			);
			runOnlyForDeploymentPostprocessing = 0;
		};
		05E7AD682BD851E8000D85D7 /* Resources */ = {
			isa = PBXResourcesBuildPhase;
			buildActionMask = 2147483647;
			files = (
				05E7AD762BD851EA000D85D7 /* Preview Assets.xcassets in Resources */,
				05E7AD722BD851EA000D85D7 /* Assets.xcassets in Resources */,
			);
			runOnlyForDeploymentPostprocessing = 0;
		};
		05E7AD792BD851EA000D85D7 /* Resources */ = {
			isa = PBXResourcesBuildPhase;
			buildActionMask = 2147483647;
			files = (
			);
			runOnlyForDeploymentPostprocessing = 0;
		};
		05E7AD832BD851EA000D85D7 /* Resources */ = {
			isa = PBXResourcesBuildPhase;
			buildActionMask = 2147483647;
			files = (
			);
			runOnlyForDeploymentPostprocessing = 0;
		};
/* End PBXResourcesBuildPhase section */

/* Begin PBXSourcesBuildPhase section */
		052C80FF2BE171AF0026DE55 /* Sources */ = {
			isa = PBXSourcesBuildPhase;
			buildActionMask = 2147483647;
			files = (
				052C810C2BE171AF0026DE55 /* Al_noor_widget.swift in Sources */,
				052C810A2BE171AF0026DE55 /* Al_noor_widgetBundle.swift in Sources */,
				052C810E2BE171AF0026DE55 /* AppIntent.swift in Sources */,
			);
			runOnlyForDeploymentPostprocessing = 0;
		};
		05E7AD662BD851E8000D85D7 /* Sources */ = {
			isa = PBXSourcesBuildPhase;
			buildActionMask = 2147483647;
			files = (
				05E7ADA82BD858B2000D85D7 /* Qibla.swift in Sources */,
				05E7AD9E2BD85525000D85D7 /* Points.swift in Sources */,
				05E7ADC82BDF8870000D85D7 /* Formatter.swift in Sources */,
				05E7AD702BD851E8000D85D7 /* ContentView.swift in Sources */,
				05E7ADA02BD85572000D85D7 /* Tab.swift in Sources */,
				05E7ADC02BDB0AE0000D85D7 /* CustomCorner.swift in Sources */,
				05E7ADBA2BD85BFD000D85D7 /* SurahDetailServices.swift in Sources */,
				052C811B2BE18B000026DE55 /* Color+Ext.swift in Sources */,
				05E7ADC32BDEE440000D85D7 /* Settings.swift in Sources */,
				05E7AD9B2BD8539B000D85D7 /* IntroScreen.swift in Sources */,
				05E7ADBC2BDB0587000D85D7 /* Prayer.swift in Sources */,
				05E7ADBE2BDB05F2000D85D7 /* Album.swift in Sources */,
				05E7ADB82BD85BDE000D85D7 /* DetailSurahModel.swift in Sources */,
				05E7ADAB2BD85941000D85D7 /* CompassMarkerView.swift in Sources */,
				05E7ADCA2BE0320D000D85D7 /* ThemeSwitcherView.swift in Sources */,
				05E7ADA22BD855B0000D85D7 /* Home.swift in Sources */,
				05E7ADB62BD85BAF000D85D7 /* SurahModel.swift in Sources */,
				05E7ADC52BDEF49A000D85D7 /* CalculationMethod.swift in Sources */,
				05E7ADB42BD85B96000D85D7 /* ApiServices.swift in Sources */,
				05E7AD6E2BD851E8000D85D7 /* Al_noor_swiftApp.swift in Sources */,
				05E7ADB12BD85B5C000D85D7 /* QuranView.swift in Sources */,
				05E7ADAD2BD8599A000D85D7 /* Marker.swift in Sources */,
			);
			runOnlyForDeploymentPostprocessing = 0;
		};
		05E7AD772BD851EA000D85D7 /* Sources */ = {
			isa = PBXSourcesBuildPhase;
			buildActionMask = 2147483647;
			files = (
				05E7AD802BD851EA000D85D7 /* Al_noor_swiftTests.swift in Sources */,
			);
			runOnlyForDeploymentPostprocessing = 0;
		};
		05E7AD812BD851EA000D85D7 /* Sources */ = {
			isa = PBXSourcesBuildPhase;
			buildActionMask = 2147483647;
			files = (
				05E7AD8A2BD851EA000D85D7 /* Al_noor_swiftUITests.swift in Sources */,
				05E7AD8C2BD851EA000D85D7 /* Al_noor_swiftUITestsLaunchTests.swift in Sources */,
			);
			runOnlyForDeploymentPostprocessing = 0;
		};
/* End PBXSourcesBuildPhase section */

/* Begin PBXTargetDependency section */
		052C81132BE171B10026DE55 /* PBXTargetDependency */ = {
			isa = PBXTargetDependency;
			target = 052C81022BE171AF0026DE55 /* Al-noor-widgetExtension */;
			targetProxy = 052C81122BE171B10026DE55 /* PBXContainerItemProxy */;
		};
		05E7AD7D2BD851EA000D85D7 /* PBXTargetDependency */ = {
			isa = PBXTargetDependency;
			target = 05E7AD692BD851E8000D85D7 /* Al-noor-swift */;
			targetProxy = 05E7AD7C2BD851EA000D85D7 /* PBXContainerItemProxy */;
		};
		05E7AD872BD851EA000D85D7 /* PBXTargetDependency */ = {
			isa = PBXTargetDependency;
			target = 05E7AD692BD851E8000D85D7 /* Al-noor-swift */;
			targetProxy = 05E7AD862BD851EA000D85D7 /* PBXContainerItemProxy */;
		};
/* End PBXTargetDependency section */

/* Begin XCBuildConfiguration section */
		052C81162BE171B10026DE55 /* Debug */ = {
			isa = XCBuildConfiguration;
			buildSettings = {
				ASSETCATALOG_COMPILER_GLOBAL_ACCENT_COLOR_NAME = AccentColor;
				ASSETCATALOG_COMPILER_WIDGET_BACKGROUND_COLOR_NAME = WidgetBackground;
				CODE_SIGN_ENTITLEMENTS = "Al-noor-widgetExtension.entitlements";
				CODE_SIGN_STYLE = Automatic;
				CURRENT_PROJECT_VERSION = 1;
				DEVELOPMENT_TEAM = 9LVZ4CKM52;
				GENERATE_INFOPLIST_FILE = YES;
				INFOPLIST_FILE = "Al-noor-widget/Info.plist";
				INFOPLIST_KEY_CFBundleDisplayName = "Al-noor-widget";
				INFOPLIST_KEY_NSHumanReadableCopyright = "";
				IPHONEOS_DEPLOYMENT_TARGET = 17.4;
				LD_RUNPATH_SEARCH_PATHS = (
					"$(inherited)",
					"@executable_path/Frameworks",
					"@executable_path/../../Frameworks",
				);
				MARKETING_VERSION = 1.0;
				PRODUCT_BUNDLE_IDENTIFIER = "-LVZ4CKM52.Al-noor-swift.Al-noor-widget";
				PRODUCT_NAME = "$(TARGET_NAME)";
				SDKROOT = iphoneos;
				SKIP_INSTALL = YES;
				SWIFT_EMIT_LOC_STRINGS = YES;
				SWIFT_VERSION = 5.0;
				TARGETED_DEVICE_FAMILY = "1,2";
			};
			name = Debug;
		};
		052C81172BE171B10026DE55 /* Release */ = {
			isa = XCBuildConfiguration;
			buildSettings = {
				ASSETCATALOG_COMPILER_GLOBAL_ACCENT_COLOR_NAME = AccentColor;
				ASSETCATALOG_COMPILER_WIDGET_BACKGROUND_COLOR_NAME = WidgetBackground;
				CODE_SIGN_ENTITLEMENTS = "Al-noor-widgetExtension.entitlements";
				CODE_SIGN_STYLE = Automatic;
				CURRENT_PROJECT_VERSION = 1;
				DEVELOPMENT_TEAM = 9LVZ4CKM52;
				GENERATE_INFOPLIST_FILE = YES;
				INFOPLIST_FILE = "Al-noor-widget/Info.plist";
				INFOPLIST_KEY_CFBundleDisplayName = "Al-noor-widget";
				INFOPLIST_KEY_NSHumanReadableCopyright = "";
				IPHONEOS_DEPLOYMENT_TARGET = 17.4;
				LD_RUNPATH_SEARCH_PATHS = (
					"$(inherited)",
					"@executable_path/Frameworks",
					"@executable_path/../../Frameworks",
				);
				MARKETING_VERSION = 1.0;
				PRODUCT_BUNDLE_IDENTIFIER = "-LVZ4CKM52.Al-noor-swift.Al-noor-widget";
				PRODUCT_NAME = "$(TARGET_NAME)";
				SDKROOT = iphoneos;
				SKIP_INSTALL = YES;
				SWIFT_EMIT_LOC_STRINGS = YES;
				SWIFT_VERSION = 5.0;
				TARGETED_DEVICE_FAMILY = "1,2";
				VALIDATE_PRODUCT = YES;
			};
			name = Release;
		};
		05E7AD8D2BD851EA000D85D7 /* Debug */ = {
			isa = XCBuildConfiguration;
			buildSettings = {
				ALWAYS_SEARCH_USER_PATHS = NO;
				ASSETCATALOG_COMPILER_GENERATE_SWIFT_ASSET_SYMBOL_EXTENSIONS = YES;
				CLANG_ANALYZER_NONNULL = YES;
				CLANG_ANALYZER_NUMBER_OBJECT_CONVERSION = YES_AGGRESSIVE;
				CLANG_CXX_LANGUAGE_STANDARD = "gnu++20";
				CLANG_ENABLE_MODULES = YES;
				CLANG_ENABLE_OBJC_ARC = YES;
				CLANG_ENABLE_OBJC_WEAK = YES;
				CLANG_WARN_BLOCK_CAPTURE_AUTORELEASING = YES;
				CLANG_WARN_BOOL_CONVERSION = YES;
				CLANG_WARN_COMMA = YES;
				CLANG_WARN_CONSTANT_CONVERSION = YES;
				CLANG_WARN_DEPRECATED_OBJC_IMPLEMENTATIONS = YES;
				CLANG_WARN_DIRECT_OBJC_ISA_USAGE = YES_ERROR;
				CLANG_WARN_DOCUMENTATION_COMMENTS = YES;
				CLANG_WARN_EMPTY_BODY = YES;
				CLANG_WARN_ENUM_CONVERSION = YES;
				CLANG_WARN_INFINITE_RECURSION = YES;
				CLANG_WARN_INT_CONVERSION = YES;
				CLANG_WARN_NON_LITERAL_NULL_CONVERSION = YES;
				CLANG_WARN_OBJC_IMPLICIT_RETAIN_SELF = YES;
				CLANG_WARN_OBJC_LITERAL_CONVERSION = YES;
				CLANG_WARN_OBJC_ROOT_CLASS = YES_ERROR;
				CLANG_WARN_QUOTED_INCLUDE_IN_FRAMEWORK_HEADER = YES;
				CLANG_WARN_RANGE_LOOP_ANALYSIS = YES;
				CLANG_WARN_STRICT_PROTOTYPES = YES;
				CLANG_WARN_SUSPICIOUS_MOVE = YES;
				CLANG_WARN_UNGUARDED_AVAILABILITY = YES_AGGRESSIVE;
				CLANG_WARN_UNREACHABLE_CODE = YES;
				CLANG_WARN__DUPLICATE_METHOD_MATCH = YES;
				COPY_PHASE_STRIP = NO;
				DEBUG_INFORMATION_FORMAT = dwarf;
				ENABLE_STRICT_OBJC_MSGSEND = YES;
				ENABLE_TESTABILITY = YES;
				ENABLE_USER_SCRIPT_SANDBOXING = YES;
				GCC_C_LANGUAGE_STANDARD = gnu17;
				GCC_DYNAMIC_NO_PIC = NO;
				GCC_NO_COMMON_BLOCKS = YES;
				GCC_OPTIMIZATION_LEVEL = 0;
				GCC_PREPROCESSOR_DEFINITIONS = (
					"DEBUG=1",
					"$(inherited)",
				);
				GCC_WARN_64_TO_32_BIT_CONVERSION = YES;
				GCC_WARN_ABOUT_RETURN_TYPE = YES_ERROR;
				GCC_WARN_UNDECLARED_SELECTOR = YES;
				GCC_WARN_UNINITIALIZED_AUTOS = YES_AGGRESSIVE;
				GCC_WARN_UNUSED_FUNCTION = YES;
				GCC_WARN_UNUSED_VARIABLE = YES;
				LOCALIZATION_PREFERS_STRING_CATALOGS = YES;
				MTL_ENABLE_DEBUG_INFO = INCLUDE_SOURCE;
				MTL_FAST_MATH = YES;
				ONLY_ACTIVE_ARCH = YES;
				SWIFT_ACTIVE_COMPILATION_CONDITIONS = "DEBUG $(inherited)";
				SWIFT_OPTIMIZATION_LEVEL = "-Onone";
			};
			name = Debug;
		};
		05E7AD8E2BD851EA000D85D7 /* Release */ = {
			isa = XCBuildConfiguration;
			buildSettings = {
				ALWAYS_SEARCH_USER_PATHS = NO;
				ASSETCATALOG_COMPILER_GENERATE_SWIFT_ASSET_SYMBOL_EXTENSIONS = YES;
				CLANG_ANALYZER_NONNULL = YES;
				CLANG_ANALYZER_NUMBER_OBJECT_CONVERSION = YES_AGGRESSIVE;
				CLANG_CXX_LANGUAGE_STANDARD = "gnu++20";
				CLANG_ENABLE_MODULES = YES;
				CLANG_ENABLE_OBJC_ARC = YES;
				CLANG_ENABLE_OBJC_WEAK = YES;
				CLANG_WARN_BLOCK_CAPTURE_AUTORELEASING = YES;
				CLANG_WARN_BOOL_CONVERSION = YES;
				CLANG_WARN_COMMA = YES;
				CLANG_WARN_CONSTANT_CONVERSION = YES;
				CLANG_WARN_DEPRECATED_OBJC_IMPLEMENTATIONS = YES;
				CLANG_WARN_DIRECT_OBJC_ISA_USAGE = YES_ERROR;
				CLANG_WARN_DOCUMENTATION_COMMENTS = YES;
				CLANG_WARN_EMPTY_BODY = YES;
				CLANG_WARN_ENUM_CONVERSION = YES;
				CLANG_WARN_INFINITE_RECURSION = YES;
				CLANG_WARN_INT_CONVERSION = YES;
				CLANG_WARN_NON_LITERAL_NULL_CONVERSION = YES;
				CLANG_WARN_OBJC_IMPLICIT_RETAIN_SELF = YES;
				CLANG_WARN_OBJC_LITERAL_CONVERSION = YES;
				CLANG_WARN_OBJC_ROOT_CLASS = YES_ERROR;
				CLANG_WARN_QUOTED_INCLUDE_IN_FRAMEWORK_HEADER = YES;
				CLANG_WARN_RANGE_LOOP_ANALYSIS = YES;
				CLANG_WARN_STRICT_PROTOTYPES = YES;
				CLANG_WARN_SUSPICIOUS_MOVE = YES;
				CLANG_WARN_UNGUARDED_AVAILABILITY = YES_AGGRESSIVE;
				CLANG_WARN_UNREACHABLE_CODE = YES;
				CLANG_WARN__DUPLICATE_METHOD_MATCH = YES;
				COPY_PHASE_STRIP = NO;
				DEBUG_INFORMATION_FORMAT = "dwarf-with-dsym";
				ENABLE_NS_ASSERTIONS = NO;
				ENABLE_STRICT_OBJC_MSGSEND = YES;
				ENABLE_USER_SCRIPT_SANDBOXING = YES;
				GCC_C_LANGUAGE_STANDARD = gnu17;
				GCC_NO_COMMON_BLOCKS = YES;
				GCC_WARN_64_TO_32_BIT_CONVERSION = YES;
				GCC_WARN_ABOUT_RETURN_TYPE = YES_ERROR;
				GCC_WARN_UNDECLARED_SELECTOR = YES;
				GCC_WARN_UNINITIALIZED_AUTOS = YES_AGGRESSIVE;
				GCC_WARN_UNUSED_FUNCTION = YES;
				GCC_WARN_UNUSED_VARIABLE = YES;
				LOCALIZATION_PREFERS_STRING_CATALOGS = YES;
				MTL_ENABLE_DEBUG_INFO = NO;
				MTL_FAST_MATH = YES;
				SWIFT_COMPILATION_MODE = wholemodule;
			};
			name = Release;
		};
		05E7AD902BD851EA000D85D7 /* Debug */ = {
			isa = XCBuildConfiguration;
			buildSettings = {
				ALWAYS_EMBED_SWIFT_STANDARD_LIBRARIES = YES;
				ASSETCATALOG_COMPILER_APPICON_NAME = AppIcon;
				ASSETCATALOG_COMPILER_GLOBAL_ACCENT_COLOR_NAME = AccentColor;
				CODE_SIGN_ENTITLEMENTS = "Al-noor-swift/Al_noor_swift.entitlements";
				CODE_SIGN_STYLE = Automatic;
				CURRENT_PROJECT_VERSION = 1;
				DEVELOPMENT_ASSET_PATHS = "\"Al-noor-swift/Preview Content\"";
				DEVELOPMENT_TEAM = 9LVZ4CKM52;
				ENABLE_HARDENED_RUNTIME = YES;
				ENABLE_PREVIEWS = YES;
				GENERATE_INFOPLIST_FILE = YES;
				INFOPLIST_FILE = "Al-noor-swift/Info.plist";
				INFOPLIST_KEY_NSLocationAlwaysAndWhenInUseUsageDescription = "Calculate prayer times";
				INFOPLIST_KEY_NSLocationWhenInUseUsageDescription = "Calculate prayer";
				"INFOPLIST_KEY_UIApplicationSceneManifest_Generation[sdk=iphoneos*]" = YES;
				"INFOPLIST_KEY_UIApplicationSceneManifest_Generation[sdk=iphonesimulator*]" = YES;
				"INFOPLIST_KEY_UIApplicationSupportsIndirectInputEvents[sdk=iphoneos*]" = YES;
				"INFOPLIST_KEY_UIApplicationSupportsIndirectInputEvents[sdk=iphonesimulator*]" = YES;
				"INFOPLIST_KEY_UILaunchScreen_Generation[sdk=iphoneos*]" = YES;
				"INFOPLIST_KEY_UILaunchScreen_Generation[sdk=iphonesimulator*]" = YES;
				"INFOPLIST_KEY_UIStatusBarStyle[sdk=iphoneos*]" = UIStatusBarStyleDefault;
				"INFOPLIST_KEY_UIStatusBarStyle[sdk=iphonesimulator*]" = UIStatusBarStyleDefault;
				INFOPLIST_KEY_UISupportedInterfaceOrientations_iPad = "UIInterfaceOrientationPortrait UIInterfaceOrientationPortraitUpsideDown UIInterfaceOrientationLandscapeLeft UIInterfaceOrientationLandscapeRight";
				INFOPLIST_KEY_UISupportedInterfaceOrientations_iPhone = "UIInterfaceOrientationPortrait UIInterfaceOrientationLandscapeLeft UIInterfaceOrientationLandscapeRight";
				IPHONEOS_DEPLOYMENT_TARGET = 17.4;
				LD_RUNPATH_SEARCH_PATHS = "@executable_path/Frameworks";
				"LD_RUNPATH_SEARCH_PATHS[sdk=macosx*]" = "@executable_path/../Frameworks";
				MACOSX_DEPLOYMENT_TARGET = 14.4;
				MARKETING_VERSION = 1.0;
				PRODUCT_BUNDLE_IDENTIFIER = "-LVZ4CKM52.Al-noor-swift";
				PRODUCT_NAME = "$(TARGET_NAME)";
				SDKROOT = auto;
				SUPPORTED_PLATFORMS = "iphoneos iphonesimulator macosx";
				SWIFT_EMIT_LOC_STRINGS = YES;
				SWIFT_VERSION = 5.0;
				TARGETED_DEVICE_FAMILY = "1,2";
			};
			name = Debug;
		};
		05E7AD912BD851EA000D85D7 /* Release */ = {
			isa = XCBuildConfiguration;
			buildSettings = {
				ALWAYS_EMBED_SWIFT_STANDARD_LIBRARIES = YES;
				ASSETCATALOG_COMPILER_APPICON_NAME = AppIcon;
				ASSETCATALOG_COMPILER_GLOBAL_ACCENT_COLOR_NAME = AccentColor;
				CODE_SIGN_ENTITLEMENTS = "Al-noor-swift/Al_noor_swift.entitlements";
				CODE_SIGN_STYLE = Automatic;
				CURRENT_PROJECT_VERSION = 1;
				DEVELOPMENT_ASSET_PATHS = "\"Al-noor-swift/Preview Content\"";
				DEVELOPMENT_TEAM = 9LVZ4CKM52;
				ENABLE_HARDENED_RUNTIME = YES;
				ENABLE_PREVIEWS = YES;
				GENERATE_INFOPLIST_FILE = YES;
				INFOPLIST_FILE = "Al-noor-swift/Info.plist";
				INFOPLIST_KEY_NSLocationAlwaysAndWhenInUseUsageDescription = "Calculate prayer times";
				INFOPLIST_KEY_NSLocationWhenInUseUsageDescription = "Calculate prayer";
				"INFOPLIST_KEY_UIApplicationSceneManifest_Generation[sdk=iphoneos*]" = YES;
				"INFOPLIST_KEY_UIApplicationSceneManifest_Generation[sdk=iphonesimulator*]" = YES;
				"INFOPLIST_KEY_UIApplicationSupportsIndirectInputEvents[sdk=iphoneos*]" = YES;
				"INFOPLIST_KEY_UIApplicationSupportsIndirectInputEvents[sdk=iphonesimulator*]" = YES;
				"INFOPLIST_KEY_UILaunchScreen_Generation[sdk=iphoneos*]" = YES;
				"INFOPLIST_KEY_UILaunchScreen_Generation[sdk=iphonesimulator*]" = YES;
				"INFOPLIST_KEY_UIStatusBarStyle[sdk=iphoneos*]" = UIStatusBarStyleDefault;
				"INFOPLIST_KEY_UIStatusBarStyle[sdk=iphonesimulator*]" = UIStatusBarStyleDefault;
				INFOPLIST_KEY_UISupportedInterfaceOrientations_iPad = "UIInterfaceOrientationPortrait UIInterfaceOrientationPortraitUpsideDown UIInterfaceOrientationLandscapeLeft UIInterfaceOrientationLandscapeRight";
				INFOPLIST_KEY_UISupportedInterfaceOrientations_iPhone = "UIInterfaceOrientationPortrait UIInterfaceOrientationLandscapeLeft UIInterfaceOrientationLandscapeRight";
				IPHONEOS_DEPLOYMENT_TARGET = 17.4;
				LD_RUNPATH_SEARCH_PATHS = "@executable_path/Frameworks";
				"LD_RUNPATH_SEARCH_PATHS[sdk=macosx*]" = "@executable_path/../Frameworks";
				MACOSX_DEPLOYMENT_TARGET = 14.4;
				MARKETING_VERSION = 1.0;
				PRODUCT_BUNDLE_IDENTIFIER = "-LVZ4CKM52.Al-noor-swift";
				PRODUCT_NAME = "$(TARGET_NAME)";
				SDKROOT = auto;
				SUPPORTED_PLATFORMS = "iphoneos iphonesimulator macosx";
				SWIFT_EMIT_LOC_STRINGS = YES;
				SWIFT_VERSION = 5.0;
				TARGETED_DEVICE_FAMILY = "1,2";
			};
			name = Release;
		};
		05E7AD932BD851EA000D85D7 /* Debug */ = {
			isa = XCBuildConfiguration;
			buildSettings = {
				ALWAYS_EMBED_SWIFT_STANDARD_LIBRARIES = YES;
				BUNDLE_LOADER = "$(TEST_HOST)";
				CODE_SIGN_STYLE = Automatic;
				CURRENT_PROJECT_VERSION = 1;
				DEVELOPMENT_TEAM = 9LVZ4CKM52;
				GENERATE_INFOPLIST_FILE = YES;
				IPHONEOS_DEPLOYMENT_TARGET = 17.4;
				MACOSX_DEPLOYMENT_TARGET = 14.4;
				MARKETING_VERSION = 1.0;
				PRODUCT_BUNDLE_IDENTIFIER = "-LVZ4CKM52.Al-noor-swiftTests";
				PRODUCT_NAME = "$(TARGET_NAME)";
				SDKROOT = auto;
				SUPPORTED_PLATFORMS = "iphoneos iphonesimulator macosx";
				SWIFT_EMIT_LOC_STRINGS = NO;
				SWIFT_VERSION = 5.0;
				TARGETED_DEVICE_FAMILY = "1,2";
				TEST_HOST = "$(BUILT_PRODUCTS_DIR)/Al-noor-swift.app/$(BUNDLE_EXECUTABLE_FOLDER_PATH)/Al-noor-swift";
			};
			name = Debug;
		};
		05E7AD942BD851EA000D85D7 /* Release */ = {
			isa = XCBuildConfiguration;
			buildSettings = {
				ALWAYS_EMBED_SWIFT_STANDARD_LIBRARIES = YES;
				BUNDLE_LOADER = "$(TEST_HOST)";
				CODE_SIGN_STYLE = Automatic;
				CURRENT_PROJECT_VERSION = 1;
				DEVELOPMENT_TEAM = 9LVZ4CKM52;
				GENERATE_INFOPLIST_FILE = YES;
				IPHONEOS_DEPLOYMENT_TARGET = 17.4;
				MACOSX_DEPLOYMENT_TARGET = 14.4;
				MARKETING_VERSION = 1.0;
				PRODUCT_BUNDLE_IDENTIFIER = "-LVZ4CKM52.Al-noor-swiftTests";
				PRODUCT_NAME = "$(TARGET_NAME)";
				SDKROOT = auto;
				SUPPORTED_PLATFORMS = "iphoneos iphonesimulator macosx";
				SWIFT_EMIT_LOC_STRINGS = NO;
				SWIFT_VERSION = 5.0;
				TARGETED_DEVICE_FAMILY = "1,2";
				TEST_HOST = "$(BUILT_PRODUCTS_DIR)/Al-noor-swift.app/$(BUNDLE_EXECUTABLE_FOLDER_PATH)/Al-noor-swift";
			};
			name = Release;
		};
		05E7AD962BD851EA000D85D7 /* Debug */ = {
			isa = XCBuildConfiguration;
			buildSettings = {
				ALWAYS_EMBED_SWIFT_STANDARD_LIBRARIES = YES;
				CODE_SIGN_STYLE = Automatic;
				CURRENT_PROJECT_VERSION = 1;
				DEVELOPMENT_TEAM = 9LVZ4CKM52;
				GENERATE_INFOPLIST_FILE = YES;
				IPHONEOS_DEPLOYMENT_TARGET = 17.4;
				MACOSX_DEPLOYMENT_TARGET = 14.4;
				MARKETING_VERSION = 1.0;
				PRODUCT_BUNDLE_IDENTIFIER = "-LVZ4CKM52.Al-noor-swiftUITests";
				PRODUCT_NAME = "$(TARGET_NAME)";
				SDKROOT = auto;
				SUPPORTED_PLATFORMS = "iphoneos iphonesimulator macosx";
				SWIFT_EMIT_LOC_STRINGS = NO;
				SWIFT_VERSION = 5.0;
				TARGETED_DEVICE_FAMILY = "1,2";
				TEST_TARGET_NAME = "Al-noor-swift";
			};
			name = Debug;
		};
		05E7AD972BD851EA000D85D7 /* Release */ = {
			isa = XCBuildConfiguration;
			buildSettings = {
				ALWAYS_EMBED_SWIFT_STANDARD_LIBRARIES = YES;
				CODE_SIGN_STYLE = Automatic;
				CURRENT_PROJECT_VERSION = 1;
				DEVELOPMENT_TEAM = 9LVZ4CKM52;
				GENERATE_INFOPLIST_FILE = YES;
				IPHONEOS_DEPLOYMENT_TARGET = 17.4;
				MACOSX_DEPLOYMENT_TARGET = 14.4;
				MARKETING_VERSION = 1.0;
				PRODUCT_BUNDLE_IDENTIFIER = "-LVZ4CKM52.Al-noor-swiftUITests";
				PRODUCT_NAME = "$(TARGET_NAME)";
				SDKROOT = auto;
				SUPPORTED_PLATFORMS = "iphoneos iphonesimulator macosx";
				SWIFT_EMIT_LOC_STRINGS = NO;
				SWIFT_VERSION = 5.0;
				TARGETED_DEVICE_FAMILY = "1,2";
				TEST_TARGET_NAME = "Al-noor-swift";
			};
			name = Release;
		};
/* End XCBuildConfiguration section */

/* Begin XCConfigurationList section */
		052C81182BE171B10026DE55 /* Build configuration list for PBXNativeTarget "Al-noor-widgetExtension" */ = {
			isa = XCConfigurationList;
			buildConfigurations = (
				052C81162BE171B10026DE55 /* Debug */,
				052C81172BE171B10026DE55 /* Release */,
			);
			defaultConfigurationIsVisible = 0;
			defaultConfigurationName = Release;
		};
		05E7AD652BD851E8000D85D7 /* Build configuration list for PBXProject "Al-noor-swift" */ = {
			isa = XCConfigurationList;
			buildConfigurations = (
				05E7AD8D2BD851EA000D85D7 /* Debug */,
				05E7AD8E2BD851EA000D85D7 /* Release */,
			);
			defaultConfigurationIsVisible = 0;
			defaultConfigurationName = Release;
		};
		05E7AD8F2BD851EA000D85D7 /* Build configuration list for PBXNativeTarget "Al-noor-swift" */ = {
			isa = XCConfigurationList;
			buildConfigurations = (
				05E7AD902BD851EA000D85D7 /* Debug */,
				05E7AD912BD851EA000D85D7 /* Release */,
			);
			defaultConfigurationIsVisible = 0;
			defaultConfigurationName = Release;
		};
		05E7AD922BD851EA000D85D7 /* Build configuration list for PBXNativeTarget "Al-noor-swiftTests" */ = {
			isa = XCConfigurationList;
			buildConfigurations = (
				05E7AD932BD851EA000D85D7 /* Debug */,
				05E7AD942BD851EA000D85D7 /* Release */,
			);
			defaultConfigurationIsVisible = 0;
			defaultConfigurationName = Release;
		};
		05E7AD952BD851EA000D85D7 /* Build configuration list for PBXNativeTarget "Al-noor-swiftUITests" */ = {
			isa = XCConfigurationList;
			buildConfigurations = (
				05E7AD962BD851EA000D85D7 /* Debug */,
				05E7AD972BD851EA000D85D7 /* Release */,
			);
			defaultConfigurationIsVisible = 0;
			defaultConfigurationName = Release;
		};
/* End XCConfigurationList section */

/* Begin XCRemoteSwiftPackageReference section */
		05E7ADA32BD85658000D85D7 /* XCRemoteSwiftPackageReference "adhan-swift" */ = {
			isa = XCRemoteSwiftPackageReference;
			repositoryURL = "https://github.com/batoulapps/adhan-swift";
			requirement = {
				kind = upToNextMajorVersion;
				minimumVersion = 1.4.0;
			};
		};
/* End XCRemoteSwiftPackageReference section */

/* Begin XCSwiftPackageProductDependency section */
		05E7ADA52BD8566A000D85D7 /* Adhan */ = {
			isa = XCSwiftPackageProductDependency;
			package = 05E7ADA32BD85658000D85D7 /* XCRemoteSwiftPackageReference "adhan-swift" */;
			productName = Adhan;
		};
/* End XCSwiftPackageProductDependency section */
	};
	rootObject = 05E7AD622BD851E8000D85D7 /* Project object */;
}
